
Microsoft Visual Studio Solution File, Format Version 12.00
# Visual Studio Version 16
VisualStudioVersion = 16.0.29728.190
MinimumVisualStudioVersion = 10.0.40219.1
Project("{FAE04EC0-301F-11D3-BF4B-00C04F79EFBC}") = "HelloWorld", "HelloWorld\HelloWorld.csproj", "{96CDB107-AFCA-4FF6-B8D0-030BAE328A3D}"
EndProject
Global
	GlobalSection(SolutionConfigurationPlatforms) = preSolution
		Debug|Any CPU = Debug|Any CPU
		Release|Any CPU = Release|Any CPU
	EndGlobalSection
	GlobalSection(ProjectConfigurationPlatforms) = postSolution
		{96CDB107-AFCA-4FF6-B8D0-030BAE328A3D}.Debug|Any CPU.ActiveCfg = Debug|Any CPU
		{96CDB107-AFCA-4FF6-B8D0-030BAE328A3D}.Debug|Any CPU.Build.0 = Debug|Any CPU
		{96CDB107-AFCA-4FF6-B8D0-030BAE328A3D}.Release|Any CPU.ActiveCfg = Release|Any CPU
		{96CDB107-AFCA-4FF6-B8D0-030BAE328A3D}.Release|Any CPU.Build.0 = Release|Any CPU
	EndGlobalSection
	GlobalSection(SolutionProperties) = preSolution
		HideSolutionNode = FALSE
	EndGlobalSection
	GlobalSection(ExtensibilityGlobals) = postSolution
		SolutionGuid = {271DB565-7CFC-4415-94FA-4E2A803D3A79}
	EndGlobalSection
EndGlobal
